// !$*UTF8*$!
{
	archiveVersion = 1;
	classes = {
	};
	objectVersion = 50;
	objects = {

/* Begin PBXBuildFile section */
		89181162224AC6B30011BCA1 /* MainAppLabel.swift in Sources */ = {isa = PBXBuildFile; fileRef = 89181161224AC6B30011BCA1 /* MainAppLabel.swift */; };
		89181164224AC7160011BCA1 /* MainAppTextField.swift in Sources */ = {isa = PBXBuildFile; fileRef = 89181163224AC7160011BCA1 /* MainAppTextField.swift */; };
		892604AA2273207600FCB44B /* HeaderCell.swift in Sources */ = {isa = PBXBuildFile; fileRef = 892604A92273207600FCB44B /* HeaderCell.swift */; };
		892604AC2273368300FCB44B /* String+Int.swift in Sources */ = {isa = PBXBuildFile; fileRef = 892604AB2273368300FCB44B /* String+Int.swift */; };
		892604B32274632900FCB44B /* PersistencyManager.swift in Sources */ = {isa = PBXBuildFile; fileRef = 892604B22274632900FCB44B /* PersistencyManager.swift */; };
		892604B5227463FB00FCB44B /* LibraryAPI.swift in Sources */ = {isa = PBXBuildFile; fileRef = 892604B4227463FB00FCB44B /* LibraryAPI.swift */; };
		892604B7227464EC00FCB44B /* HTTPClient.swift in Sources */ = {isa = PBXBuildFile; fileRef = 892604B6227464EC00FCB44B /* HTTPClient.swift */; };
		8939DD5D22589D8900987BA8 /* Result.swift in Sources */ = {isa = PBXBuildFile; fileRef = 8939DD5C22589D8900987BA8 /* Result.swift */; };
		8939DD61225BCE8F00987BA8 /* ResultTableView.swift in Sources */ = {isa = PBXBuildFile; fileRef = 8939DD60225BCE8F00987BA8 /* ResultTableView.swift */; };
		8939DD6322650FD600987BA8 /* ResultCell.swift in Sources */ = {isa = PBXBuildFile; fileRef = 8939DD6222650FD600987BA8 /* ResultCell.swift */; };
		8939DD672267AC0D00987BA8 /* TextFieldType.swift in Sources */ = {isa = PBXBuildFile; fileRef = 8939DD662267AC0D00987BA8 /* TextFieldType.swift */; };
		8939DD692267AC2E00987BA8 /* AppButton.swift in Sources */ = {isa = PBXBuildFile; fileRef = 8939DD682267AC2E00987BA8 /* AppButton.swift */; };
		8939DD6B2267AC5500987BA8 /* LabelType.swift in Sources */ = {isa = PBXBuildFile; fileRef = 8939DD6A2267AC5500987BA8 /* LabelType.swift */; };
		8939DD712267ADCD00987BA8 /* MainVC+UITableViewDelegate.swift in Sources */ = {isa = PBXBuildFile; fileRef = 8939DD702267ADCD00987BA8 /* MainVC+UITableViewDelegate.swift */; };
		894E919F227F64E200917A06 /* Constants.swift in Sources */ = {isa = PBXBuildFile; fileRef = 894E919E227F64E200917A06 /* Constants.swift */; };
		894E91A72280E3D100917A06 /* Qaid_BalootUITests.swift in Sources */ = {isa = PBXBuildFile; fileRef = 894E91A62280E3D100917A06 /* Qaid_BalootUITests.swift */; };
		89BC583F223C33A50025D7A2 /* AppDelegate.swift in Sources */ = {isa = PBXBuildFile; fileRef = 89BC583E223C33A50025D7A2 /* AppDelegate.swift */; };
		89BC5841223C33A50025D7A2 /* MainViewController.swift in Sources */ = {isa = PBXBuildFile; fileRef = 89BC5840223C33A50025D7A2 /* MainViewController.swift */; };
		89BC5847223C33A50025D7A2 /* Qaid_Baloot.xcdatamodeld in Sources */ = {isa = PBXBuildFile; fileRef = 89BC5845223C33A50025D7A2 /* Qaid_Baloot.xcdatamodeld */; };
		89BC5849223C33A60025D7A2 /* Assets.xcassets in Resources */ = {isa = PBXBuildFile; fileRef = 89BC5848223C33A60025D7A2 /* Assets.xcassets */; };
		89BC5854223C349C0025D7A2 /* DataController.swift in Sources */ = {isa = PBXBuildFile; fileRef = 89BC5853223C349C0025D7A2 /* DataController.swift */; };
		89BC585622419D4C0025D7A2 /* UIViewController+UIResponder.swift in Sources */ = {isa = PBXBuildFile; fileRef = 89BC585522419D4C0025D7A2 /* UIViewController+UIResponder.swift */; };
		89BC5858224551080025D7A2 /* SetupLayout.swift in Sources */ = {isa = PBXBuildFile; fileRef = 89BC5857224551080025D7A2 /* SetupLayout.swift */; };
		89BC585A224558040025D7A2 /* TextFieldDelegate.swift in Sources */ = {isa = PBXBuildFile; fileRef = 89BC5859224558040025D7A2 /* TextFieldDelegate.swift */; };
		89BC58602245592B0025D7A2 /* MainAppButton.swift in Sources */ = {isa = PBXBuildFile; fileRef = 89BC585F2245592B0025D7A2 /* MainAppButton.swift */; };
/* End PBXBuildFile section */

/* Begin PBXContainerItemProxy section */
		894E91A92280E3D100917A06 /* PBXContainerItemProxy */ = {
			isa = PBXContainerItemProxy;
			containerPortal = 89BC5833223C33A50025D7A2 /* Project object */;
			proxyType = 1;
			remoteGlobalIDString = 89BC583A223C33A50025D7A2;
			remoteInfo = "Qaid Baloot";
		};
/* End PBXContainerItemProxy section */

/* Begin PBXFileReference section */
		89181161224AC6B30011BCA1 /* MainAppLabel.swift */ = {isa = PBXFileReference; lastKnownFileType = sourcecode.swift; path = MainAppLabel.swift; sourceTree = "<group>"; };
		89181163224AC7160011BCA1 /* MainAppTextField.swift */ = {isa = PBXFileReference; lastKnownFileType = sourcecode.swift; path = MainAppTextField.swift; sourceTree = "<group>"; };
		892604A92273207600FCB44B /* HeaderCell.swift */ = {isa = PBXFileReference; lastKnownFileType = sourcecode.swift; path = HeaderCell.swift; sourceTree = "<group>"; };
		892604AB2273368300FCB44B /* String+Int.swift */ = {isa = PBXFileReference; lastKnownFileType = sourcecode.swift; path = "String+Int.swift"; sourceTree = "<group>"; };
		892604B22274632900FCB44B /* PersistencyManager.swift */ = {isa = PBXFileReference; lastKnownFileType = sourcecode.swift; path = PersistencyManager.swift; sourceTree = "<group>"; };
		892604B4227463FB00FCB44B /* LibraryAPI.swift */ = {isa = PBXFileReference; lastKnownFileType = sourcecode.swift; path = LibraryAPI.swift; sourceTree = "<group>"; };
		892604B6227464EC00FCB44B /* HTTPClient.swift */ = {isa = PBXFileReference; lastKnownFileType = sourcecode.swift; path = HTTPClient.swift; sourceTree = "<group>"; };
		8939DD5C22589D8900987BA8 /* Result.swift */ = {isa = PBXFileReference; lastKnownFileType = sourcecode.swift; path = Result.swift; sourceTree = "<group>"; };
		8939DD60225BCE8F00987BA8 /* ResultTableView.swift */ = {isa = PBXFileReference; lastKnownFileType = sourcecode.swift; path = ResultTableView.swift; sourceTree = "<group>"; };
		8939DD6222650FD600987BA8 /* ResultCell.swift */ = {isa = PBXFileReference; lastKnownFileType = sourcecode.swift; path = ResultCell.swift; sourceTree = "<group>"; };
		8939DD662267AC0D00987BA8 /* TextFieldType.swift */ = {isa = PBXFileReference; lastKnownFileType = sourcecode.swift; path = TextFieldType.swift; sourceTree = "<group>"; };
		8939DD682267AC2E00987BA8 /* AppButton.swift */ = {isa = PBXFileReference; lastKnownFileType = sourcecode.swift; path = AppButton.swift; sourceTree = "<group>"; };
		8939DD6A2267AC5500987BA8 /* LabelType.swift */ = {isa = PBXFileReference; lastKnownFileType = sourcecode.swift; path = LabelType.swift; sourceTree = "<group>"; };
		8939DD702267ADCD00987BA8 /* MainVC+UITableViewDelegate.swift */ = {isa = PBXFileReference; lastKnownFileType = sourcecode.swift; path = "MainVC+UITableViewDelegate.swift"; sourceTree = "<group>"; };
		894E919E227F64E200917A06 /* Constants.swift */ = {isa = PBXFileReference; lastKnownFileType = sourcecode.swift; path = Constants.swift; sourceTree = "<group>"; };
		894E91A42280E3D100917A06 /* Qaid BalootUITests.xctest */ = {isa = PBXFileReference; explicitFileType = wrapper.cfbundle; includeInIndex = 0; path = "Qaid BalootUITests.xctest"; sourceTree = BUILT_PRODUCTS_DIR; };
		894E91A62280E3D100917A06 /* Qaid_BalootUITests.swift */ = {isa = PBXFileReference; lastKnownFileType = sourcecode.swift; path = Qaid_BalootUITests.swift; sourceTree = "<group>"; };
		894E91A82280E3D100917A06 /* Info.plist */ = {isa = PBXFileReference; lastKnownFileType = text.plist.xml; path = Info.plist; sourceTree = "<group>"; };
		89BC583B223C33A50025D7A2 /* Qaid Baloot.app */ = {isa = PBXFileReference; explicitFileType = wrapper.application; includeInIndex = 0; path = "Qaid Baloot.app"; sourceTree = BUILT_PRODUCTS_DIR; };
		89BC583E223C33A50025D7A2 /* AppDelegate.swift */ = {isa = PBXFileReference; lastKnownFileType = sourcecode.swift; path = AppDelegate.swift; sourceTree = "<group>"; };
		89BC5840223C33A50025D7A2 /* MainViewController.swift */ = {isa = PBXFileReference; lastKnownFileType = sourcecode.swift; path = MainViewController.swift; sourceTree = "<group>"; };
		89BC5846223C33A50025D7A2 /* Qaid_Baloot.xcdatamodel */ = {isa = PBXFileReference; lastKnownFileType = wrapper.xcdatamodel; path = Qaid_Baloot.xcdatamodel; sourceTree = "<group>"; };
		89BC5848223C33A60025D7A2 /* Assets.xcassets */ = {isa = PBXFileReference; lastKnownFileType = folder.assetcatalog; path = Assets.xcassets; sourceTree = "<group>"; };
		89BC584D223C33A60025D7A2 /* Info.plist */ = {isa = PBXFileReference; lastKnownFileType = text.plist.xml; path = Info.plist; sourceTree = "<group>"; };
		89BC5853223C349C0025D7A2 /* DataController.swift */ = {isa = PBXFileReference; lastKnownFileType = sourcecode.swift; path = DataController.swift; sourceTree = "<group>"; };
		89BC585522419D4C0025D7A2 /* UIViewController+UIResponder.swift */ = {isa = PBXFileReference; lastKnownFileType = sourcecode.swift; path = "UIViewController+UIResponder.swift"; sourceTree = "<group>"; };
		89BC5857224551080025D7A2 /* SetupLayout.swift */ = {isa = PBXFileReference; lastKnownFileType = sourcecode.swift; path = SetupLayout.swift; sourceTree = "<group>"; };
		89BC5859224558040025D7A2 /* TextFieldDelegate.swift */ = {isa = PBXFileReference; lastKnownFileType = sourcecode.swift; path = TextFieldDelegate.swift; sourceTree = "<group>"; };
		89BC585F2245592B0025D7A2 /* MainAppButton.swift */ = {isa = PBXFileReference; lastKnownFileType = sourcecode.swift; path = MainAppButton.swift; sourceTree = "<group>"; };
/* End PBXFileReference section */

/* Begin PBXFrameworksBuildPhase section */
		894E91A12280E3D100917A06 /* Frameworks */ = {
			isa = PBXFrameworksBuildPhase;
			buildActionMask = 2147483647;
			files = (
			);
			runOnlyForDeploymentPostprocessing = 0;
		};
		89BC5838223C33A50025D7A2 /* Frameworks */ = {
			isa = PBXFrameworksBuildPhase;
			buildActionMask = 2147483647;
			files = (
			);
			runOnlyForDeploymentPostprocessing = 0;
		};
/* End PBXFrameworksBuildPhase section */

/* Begin PBXGroup section */
		892604B12274631F00FCB44B /* API */ = {
			isa = PBXGroup;
			children = (
				892604B22274632900FCB44B /* PersistencyManager.swift */,
				892604B4227463FB00FCB44B /* LibraryAPI.swift */,
				892604B6227464EC00FCB44B /* HTTPClient.swift */,
			);
			path = API;
			sourceTree = "<group>";
		};
		8939DD6C2267AC8E00987BA8 /* textField */ = {
			isa = PBXGroup;
			children = (
				89181163224AC7160011BCA1 /* MainAppTextField.swift */,
				8939DD662267AC0D00987BA8 /* TextFieldType.swift */,
			);
			path = textField;
			sourceTree = "<group>";
		};
		8939DD6D2267AC9E00987BA8 /* button */ = {
			isa = PBXGroup;
			children = (
				89BC585F2245592B0025D7A2 /* MainAppButton.swift */,
				8939DD682267AC2E00987BA8 /* AppButton.swift */,
			);
			path = button;
			sourceTree = "<group>";
		};
		8939DD6E2267ACAC00987BA8 /* label */ = {
			isa = PBXGroup;
			children = (
				89181161224AC6B30011BCA1 /* MainAppLabel.swift */,
				8939DD6A2267AC5500987BA8 /* LabelType.swift */,
			);
			path = label;
			sourceTree = "<group>";
		};
		8939DD6F2267ACBF00987BA8 /* tableView */ = {
			isa = PBXGroup;
			children = (
				8939DD6222650FD600987BA8 /* ResultCell.swift */,
				8939DD60225BCE8F00987BA8 /* ResultTableView.swift */,
				892604A92273207600FCB44B /* HeaderCell.swift */,
			);
			path = tableView;
			sourceTree = "<group>";
		};
		894E91A52280E3D100917A06 /* Qaid BalootUITests */ = {
			isa = PBXGroup;
			children = (
				894E91A62280E3D100917A06 /* Qaid_BalootUITests.swift */,
				894E91A82280E3D100917A06 /* Info.plist */,
			);
			path = "Qaid BalootUITests";
			sourceTree = "<group>";
		};
		89BC5832223C33A50025D7A2 = {
			isa = PBXGroup;
			children = (
				89BC583D223C33A50025D7A2 /* Qaid Baloot */,
				894E91A52280E3D100917A06 /* Qaid BalootUITests */,
				89BC583C223C33A50025D7A2 /* Products */,
			);
			sourceTree = "<group>";
		};
		89BC583C223C33A50025D7A2 /* Products */ = {
			isa = PBXGroup;
			children = (
				89BC583B223C33A50025D7A2 /* Qaid Baloot.app */,
				894E91A42280E3D100917A06 /* Qaid BalootUITests.xctest */,
			);
			name = Products;
			sourceTree = "<group>";
		};
		89BC583D223C33A50025D7A2 /* Qaid Baloot */ = {
			isa = PBXGroup;
			children = (
				892604B12274631F00FCB44B /* API */,
				89BC585B224558660025D7A2 /* Controller */,
				89BC585D224558720025D7A2 /* Model */,
				89BC585E224558950025D7A2 /* Extensions */,
				89BC585C2245586D0025D7A2 /* View */,
				89BC583E223C33A50025D7A2 /* AppDelegate.swift */,
				89BC5848223C33A60025D7A2 /* Assets.xcassets */,
				89BC584D223C33A60025D7A2 /* Info.plist */,
			);
			path = "Qaid Baloot";
			sourceTree = "<group>";
		};
		89BC585B224558660025D7A2 /* Controller */ = {
			isa = PBXGroup;
			children = (
				89BC5840223C33A50025D7A2 /* MainViewController.swift */,
				89BC5853223C349C0025D7A2 /* DataController.swift */,
				8939DD702267ADCD00987BA8 /* MainVC+UITableViewDelegate.swift */,
			);
			path = Controller;
			sourceTree = "<group>";
		};
		89BC585C2245586D0025D7A2 /* View */ = {
			isa = PBXGroup;
			children = (
				8939DD6D2267AC9E00987BA8 /* button */,
				8939DD6E2267ACAC00987BA8 /* label */,
				8939DD6C2267AC8E00987BA8 /* textField */,
				8939DD6F2267ACBF00987BA8 /* tableView */,
				894E919E227F64E200917A06 /* Constants.swift */,
			);
			path = View;
			sourceTree = "<group>";
		};
		89BC585D224558720025D7A2 /* Model */ = {
			isa = PBXGroup;
			children = (
				89BC5845223C33A50025D7A2 /* Qaid_Baloot.xcdatamodeld */,
				8939DD5C22589D8900987BA8 /* Result.swift */,
			);
			path = Model;
			sourceTree = "<group>";
		};
		89BC585E224558950025D7A2 /* Extensions */ = {
			isa = PBXGroup;
			children = (
				89BC5857224551080025D7A2 /* SetupLayout.swift */,
				89BC5859224558040025D7A2 /* TextFieldDelegate.swift */,
				89BC585522419D4C0025D7A2 /* UIViewController+UIResponder.swift */,
				892604AB2273368300FCB44B /* String+Int.swift */,
			);
			path = Extensions;
			sourceTree = "<group>";
		};
/* End PBXGroup section */

/* Begin PBXNativeTarget section */
		894E91A32280E3D100917A06 /* Qaid BalootUITests */ = {
			isa = PBXNativeTarget;
			buildConfigurationList = 894E91AB2280E3D100917A06 /* Build configuration list for PBXNativeTarget "Qaid BalootUITests" */;
			buildPhases = (
				894E91A02280E3D100917A06 /* Sources */,
				894E91A12280E3D100917A06 /* Frameworks */,
				894E91A22280E3D100917A06 /* Resources */,
			);
			buildRules = (
			);
			dependencies = (
				894E91AA2280E3D100917A06 /* PBXTargetDependency */,
			);
			name = "Qaid BalootUITests";
			productName = "Qaid BalootUITests";
			productReference = 894E91A42280E3D100917A06 /* Qaid BalootUITests.xctest */;
			productType = "com.apple.product-type.bundle.ui-testing";
		};
		89BC583A223C33A50025D7A2 /* Qaid Baloot */ = {
			isa = PBXNativeTarget;
			buildConfigurationList = 89BC5850223C33A60025D7A2 /* Build configuration list for PBXNativeTarget "Qaid Baloot" */;
			buildPhases = (
				89BC5837223C33A50025D7A2 /* Sources */,
				89BC5838223C33A50025D7A2 /* Frameworks */,
				89BC5839223C33A50025D7A2 /* Resources */,
			);
			buildRules = (
			);
			dependencies = (
			);
			name = "Qaid Baloot";
			productName = "Qaid Baloot";
			productReference = 89BC583B223C33A50025D7A2 /* Qaid Baloot.app */;
			productType = "com.apple.product-type.application";
		};
/* End PBXNativeTarget section */

/* Begin PBXProject section */
		89BC5833223C33A50025D7A2 /* Project object */ = {
			isa = PBXProject;
			attributes = {
				LastSwiftUpdateCheck = 1020;
				LastUpgradeCheck = 1010;
				ORGANIZATIONNAME = "Abdulaziz Alsaloum";
				TargetAttributes = {
					894E91A32280E3D100917A06 = {
						CreatedOnToolsVersion = 10.2.1;
						TestTargetID = 89BC583A223C33A50025D7A2;
					};
					89BC583A223C33A50025D7A2 = {
						CreatedOnToolsVersion = 10.1;
					};
				};
			};
			buildConfigurationList = 89BC5836223C33A50025D7A2 /* Build configuration list for PBXProject "Qaid Baloot" */;
			compatibilityVersion = "Xcode 9.3";
			developmentRegion = en;
			hasScannedForEncodings = 0;
			knownRegions = (
				en,
				Base,
			);
			mainGroup = 89BC5832223C33A50025D7A2;
			productRefGroup = 89BC583C223C33A50025D7A2 /* Products */;
			projectDirPath = "";
			projectRoot = "";
			targets = (
				89BC583A223C33A50025D7A2 /* Qaid Baloot */,
				894E91A32280E3D100917A06 /* Qaid BalootUITests */,
			);
		};
/* End PBXProject section */

/* Begin PBXResourcesBuildPhase section */
		894E91A22280E3D100917A06 /* Resources */ = {
			isa = PBXResourcesBuildPhase;
			buildActionMask = 2147483647;
			files = (
			);
			runOnlyForDeploymentPostprocessing = 0;
		};
		89BC5839223C33A50025D7A2 /* Resources */ = {
			isa = PBXResourcesBuildPhase;
			buildActionMask = 2147483647;
			files = (
				89BC5849223C33A60025D7A2 /* Assets.xcassets in Resources */,
			);
			runOnlyForDeploymentPostprocessing = 0;
		};
/* End PBXResourcesBuildPhase section */

/* Begin PBXSourcesBuildPhase section */
		894E91A02280E3D100917A06 /* Sources */ = {
			isa = PBXSourcesBuildPhase;
			buildActionMask = 2147483647;
			files = (
				894E91A72280E3D100917A06 /* Qaid_BalootUITests.swift in Sources */,
			);
			runOnlyForDeploymentPostprocessing = 0;
		};
		89BC5837223C33A50025D7A2 /* Sources */ = {
			isa = PBXSourcesBuildPhase;
			buildActionMask = 2147483647;
			files = (
				89BC585622419D4C0025D7A2 /* UIViewController+UIResponder.swift in Sources */,
				89BC5858224551080025D7A2 /* SetupLayout.swift in Sources */,
				89BC5847223C33A50025D7A2 /* Qaid_Baloot.xcdatamodeld in Sources */,
				8939DD61225BCE8F00987BA8 /* ResultTableView.swift in Sources */,
				892604AC2273368300FCB44B /* String+Int.swift in Sources */,
				892604AA2273207600FCB44B /* HeaderCell.swift in Sources */,
				894E919F227F64E200917A06 /* Constants.swift in Sources */,
				892604B7227464EC00FCB44B /* HTTPClient.swift in Sources */,
				89BC585A224558040025D7A2 /* TextFieldDelegate.swift in Sources */,
				89181164224AC7160011BCA1 /* MainAppTextField.swift in Sources */,
				8939DD5D22589D8900987BA8 /* Result.swift in Sources */,
				8939DD672267AC0D00987BA8 /* TextFieldType.swift in Sources */,
				89BC5854223C349C0025D7A2 /* DataController.swift in Sources */,
				8939DD692267AC2E00987BA8 /* AppButton.swift in Sources */,
				89BC5841223C33A50025D7A2 /* MainViewController.swift in Sources */,
				89181162224AC6B30011BCA1 /* MainAppLabel.swift in Sources */,
				8939DD6B2267AC5500987BA8 /* LabelType.swift in Sources */,
				892604B32274632900FCB44B /* PersistencyManager.swift in Sources */,
				89BC583F223C33A50025D7A2 /* AppDelegate.swift in Sources */,
				8939DD712267ADCD00987BA8 /* MainVC+UITableViewDelegate.swift in Sources */,
				8939DD6322650FD600987BA8 /* ResultCell.swift in Sources */,
				89BC58602245592B0025D7A2 /* MainAppButton.swift in Sources */,
				892604B5227463FB00FCB44B /* LibraryAPI.swift in Sources */,
			);
			runOnlyForDeploymentPostprocessing = 0;
		};
/* End PBXSourcesBuildPhase section */

/* Begin PBXTargetDependency section */
		894E91AA2280E3D100917A06 /* PBXTargetDependency */ = {
			isa = PBXTargetDependency;
			target = 89BC583A223C33A50025D7A2 /* Qaid Baloot */;
			targetProxy = 894E91A92280E3D100917A06 /* PBXContainerItemProxy */;
		};
/* End PBXTargetDependency section */

/* Begin XCBuildConfiguration section */
		894E91AC2280E3D100917A06 /* Debug */ = {
			isa = XCBuildConfiguration;
			buildSettings = {
				CODE_SIGN_STYLE = Automatic;
				DEVELOPMENT_TEAM = Z6LH8E5WW3;
				INFOPLIST_FILE = "Qaid BalootUITests/Info.plist";
				IPHONEOS_DEPLOYMENT_TARGET = 12.2;
				LD_RUNPATH_SEARCH_PATHS = (
					"$(inherited)",
					"@executable_path/Frameworks",
					"@loader_path/Frameworks",
				);
				PRODUCT_BUNDLE_IDENTIFIER = "com.abdulaziz.alsallum.Qaid-BalootUITests";
				PRODUCT_NAME = "$(TARGET_NAME)";
				SWIFT_VERSION = 5.0;
				TARGETED_DEVICE_FAMILY = "1,2";
				TEST_TARGET_NAME = "Qaid Baloot";
			};
			name = Debug;
		};
		894E91AD2280E3D100917A06 /* Release */ = {
			isa = XCBuildConfiguration;
			buildSettings = {
				CODE_SIGN_STYLE = Automatic;
				DEVELOPMENT_TEAM = Z6LH8E5WW3;
				INFOPLIST_FILE = "Qaid BalootUITests/Info.plist";
				IPHONEOS_DEPLOYMENT_TARGET = 12.2;
				LD_RUNPATH_SEARCH_PATHS = (
					"$(inherited)",
					"@executable_path/Frameworks",
					"@loader_path/Frameworks",
				);
				PRODUCT_BUNDLE_IDENTIFIER = "com.abdulaziz.alsallum.Qaid-BalootUITests";
				PRODUCT_NAME = "$(TARGET_NAME)";
				SWIFT_VERSION = 5.0;
				TARGETED_DEVICE_FAMILY = "1,2";
				TEST_TARGET_NAME = "Qaid Baloot";
			};
			name = Release;
		};
		89BC584E223C33A60025D7A2 /* Debug */ = {
			isa = XCBuildConfiguration;
			buildSettings = {
				ALWAYS_SEARCH_USER_PATHS = NO;
				CLANG_ANALYZER_NONNULL = YES;
				CLANG_ANALYZER_NUMBER_OBJECT_CONVERSION = YES_AGGRESSIVE;
				CLANG_CXX_LANGUAGE_STANDARD = "gnu++14";
				CLANG_CXX_LIBRARY = "libc++";
				CLANG_ENABLE_MODULES = YES;
				CLANG_ENABLE_OBJC_ARC = YES;
				CLANG_ENABLE_OBJC_WEAK = YES;
				CLANG_WARN_BLOCK_CAPTURE_AUTORELEASING = YES;
				CLANG_WARN_BOOL_CONVERSION = YES;
				CLANG_WARN_COMMA = YES;
				CLANG_WARN_CONSTANT_CONVERSION = YES;
				CLANG_WARN_DEPRECATED_OBJC_IMPLEMENTATIONS = YES;
				CLANG_WARN_DIRECT_OBJC_ISA_USAGE = YES_ERROR;
				CLANG_WARN_DOCUMENTATION_COMMENTS = YES;
				CLANG_WARN_EMPTY_BODY = YES;
				CLANG_WARN_ENUM_CONVERSION = YES;
				CLANG_WARN_INFINITE_RECURSION = YES;
				CLANG_WARN_INT_CONVERSION = YES;
				CLANG_WARN_NON_LITERAL_NULL_CONVERSION = YES;
				CLANG_WARN_OBJC_IMPLICIT_RETAIN_SELF = YES;
				CLANG_WARN_OBJC_LITERAL_CONVERSION = YES;
				CLANG_WARN_OBJC_ROOT_CLASS = YES_ERROR;
				CLANG_WARN_RANGE_LOOP_ANALYSIS = YES;
				CLANG_WARN_STRICT_PROTOTYPES = YES;
				CLANG_WARN_SUSPICIOUS_MOVE = YES;
				CLANG_WARN_UNGUARDED_AVAILABILITY = YES_AGGRESSIVE;
				CLANG_WARN_UNREACHABLE_CODE = YES;
				CLANG_WARN__DUPLICATE_METHOD_MATCH = YES;
				CODE_SIGN_IDENTITY = "iPhone Developer";
				COPY_PHASE_STRIP = NO;
				DEBUG_INFORMATION_FORMAT = dwarf;
				ENABLE_STRICT_OBJC_MSGSEND = YES;
				ENABLE_TESTABILITY = YES;
				GCC_C_LANGUAGE_STANDARD = gnu11;
				GCC_DYNAMIC_NO_PIC = NO;
				GCC_NO_COMMON_BLOCKS = YES;
				GCC_OPTIMIZATION_LEVEL = 0;
				GCC_PREPROCESSOR_DEFINITIONS = (
					"DEBUG=1",
					"$(inherited)",
				);
				GCC_WARN_64_TO_32_BIT_CONVERSION = YES;
				GCC_WARN_ABOUT_RETURN_TYPE = YES_ERROR;
				GCC_WARN_UNDECLARED_SELECTOR = YES;
				GCC_WARN_UNINITIALIZED_AUTOS = YES_AGGRESSIVE;
				GCC_WARN_UNUSED_FUNCTION = YES;
				GCC_WARN_UNUSED_VARIABLE = YES;
				IPHONEOS_DEPLOYMENT_TARGET = 12.1;
				MTL_ENABLE_DEBUG_INFO = INCLUDE_SOURCE;
				MTL_FAST_MATH = YES;
				ONLY_ACTIVE_ARCH = YES;
				SDKROOT = iphoneos;
				SWIFT_ACTIVE_COMPILATION_CONDITIONS = DEBUG;
				SWIFT_OPTIMIZATION_LEVEL = "-Onone";
			};
			name = Debug;
		};
		89BC584F223C33A60025D7A2 /* Release */ = {
			isa = XCBuildConfiguration;
			buildSettings = {
				ALWAYS_SEARCH_USER_PATHS = NO;
				CLANG_ANALYZER_NONNULL = YES;
				CLANG_ANALYZER_NUMBER_OBJECT_CONVERSION = YES_AGGRESSIVE;
				CLANG_CXX_LANGUAGE_STANDARD = "gnu++14";
				CLANG_CXX_LIBRARY = "libc++";
				CLANG_ENABLE_MODULES = YES;
				CLANG_ENABLE_OBJC_ARC = YES;
				CLANG_ENABLE_OBJC_WEAK = YES;
				CLANG_WARN_BLOCK_CAPTURE_AUTORELEASING = YES;
				CLANG_WARN_BOOL_CONVERSION = YES;
				CLANG_WARN_COMMA = YES;
				CLANG_WARN_CONSTANT_CONVERSION = YES;
				CLANG_WARN_DEPRECATED_OBJC_IMPLEMENTATIONS = YES;
				CLANG_WARN_DIRECT_OBJC_ISA_USAGE = YES_ERROR;
				CLANG_WARN_DOCUMENTATION_COMMENTS = YES;
				CLANG_WARN_EMPTY_BODY = YES;
				CLANG_WARN_ENUM_CONVERSION = YES;
				CLANG_WARN_INFINITE_RECURSION = YES;
				CLANG_WARN_INT_CONVERSION = YES;
				CLANG_WARN_NON_LITERAL_NULL_CONVERSION = YES;
				CLANG_WARN_OBJC_IMPLICIT_RETAIN_SELF = YES;
				CLANG_WARN_OBJC_LITERAL_CONVERSION = YES;
				CLANG_WARN_OBJC_ROOT_CLASS = YES_ERROR;
				CLANG_WARN_RANGE_LOOP_ANALYSIS = YES;
				CLANG_WARN_STRICT_PROTOTYPES = YES;
				CLANG_WARN_SUSPICIOUS_MOVE = YES;
				CLANG_WARN_UNGUARDED_AVAILABILITY = YES_AGGRESSIVE;
				CLANG_WARN_UNREACHABLE_CODE = YES;
				CLANG_WARN__DUPLICATE_METHOD_MATCH = YES;
				CODE_SIGN_IDENTITY = "iPhone Developer";
				COPY_PHASE_STRIP = NO;
				DEBUG_INFORMATION_FORMAT = "dwarf-with-dsym";
				ENABLE_NS_ASSERTIONS = NO;
				ENABLE_STRICT_OBJC_MSGSEND = YES;
				GCC_C_LANGUAGE_STANDARD = gnu11;
				GCC_NO_COMMON_BLOCKS = YES;
				GCC_WARN_64_TO_32_BIT_CONVERSION = YES;
				GCC_WARN_ABOUT_RETURN_TYPE = YES_ERROR;
				GCC_WARN_UNDECLARED_SELECTOR = YES;
				GCC_WARN_UNINITIALIZED_AUTOS = YES_AGGRESSIVE;
				GCC_WARN_UNUSED_FUNCTION = YES;
				GCC_WARN_UNUSED_VARIABLE = YES;
				IPHONEOS_DEPLOYMENT_TARGET = 12.1;
				MTL_ENABLE_DEBUG_INFO = NO;
				MTL_FAST_MATH = YES;
				SDKROOT = iphoneos;
				SWIFT_COMPILATION_MODE = wholemodule;
				SWIFT_OPTIMIZATION_LEVEL = "-O";
				VALIDATE_PRODUCT = YES;
			};
			name = Release;
		};
		89BC5851223C33A60025D7A2 /* Debug */ = {
			isa = XCBuildConfiguration;
			buildSettings = {
				ASSETCATALOG_COMPILER_APPICON_NAME = AppIcon;
				CODE_SIGN_IDENTITY = "iPhone Developer";
				CODE_SIGN_STYLE = Automatic;
				DEVELOPMENT_TEAM = Z6LH8E5WW3;
				INFOPLIST_FILE = "Qaid Baloot/Info.plist";
				IPHONEOS_DEPLOYMENT_TARGET = 12.2;
				LD_RUNPATH_SEARCH_PATHS = (
					"$(inherited)",
					"@executable_path/Frameworks",
				);
				PRODUCT_BUNDLE_IDENTIFIER = "com.abdulaziz.alsallum.Qaid-Baloot";
				PRODUCT_NAME = "$(TARGET_NAME)";
				PROVISIONING_PROFILE_SPECIFIER = "";
				SWIFT_VERSION = 5.0;
				TARGETED_DEVICE_FAMILY = "1,2";
			};
			name = Debug;
		};
		89BC5852223C33A60025D7A2 /* Release */ = {
			isa = XCBuildConfiguration;
			buildSettings = {
				ASSETCATALOG_COMPILER_APPICON_NAME = AppIcon;
				CODE_SIGN_IDENTITY = "iPhone Developer";
				CODE_SIGN_STYLE = Automatic;
				DEVELOPMENT_TEAM = Z6LH8E5WW3;
				INFOPLIST_FILE = "Qaid Baloot/Info.plist";
				IPHONEOS_DEPLOYMENT_TARGET = 12.2;
				LD_RUNPATH_SEARCH_PATHS = (
					"$(inherited)",
					"@executable_path/Frameworks",
				);
				PRODUCT_BUNDLE_IDENTIFIER = "com.abdulaziz.alsallum.Qaid-Baloot";
				PRODUCT_NAME = "$(TARGET_NAME)";
				PROVISIONING_PROFILE_SPECIFIER = "";
				SWIFT_VERSION = 5.0;
				TARGETED_DEVICE_FAMILY = "1,2";
			};
			name = Release;
		};
/* End XCBuildConfiguration section */

/* Begin XCConfigurationList section */
		894E91AB2280E3D100917A06 /* Build configuration list for PBXNativeTarget "Qaid BalootUITests" */ = {
			isa = XCConfigurationList;
			buildConfigurations = (
				894E91AC2280E3D100917A06 /* Debug */,
				894E91AD2280E3D100917A06 /* Release */,
			);
			defaultConfigurationIsVisible = 0;
			defaultConfigurationName = Release;
		};
		89BC5836223C33A50025D7A2 /* Build configuration list for PBXProject "Qaid Baloot" */ = {
			isa = XCConfigurationList;
			buildConfigurations = (
				89BC584E223C33A60025D7A2 /* Debug */,
				89BC584F223C33A60025D7A2 /* Release */,
			);
			defaultConfigurationIsVisible = 0;
			defaultConfigurationName = Release;
		};
		89BC5850223C33A60025D7A2 /* Build configuration list for PBXNativeTarget "Qaid Baloot" */ = {
			isa = XCConfigurationList;
			buildConfigurations = (
				89BC5851223C33A60025D7A2 /* Debug */,
				89BC5852223C33A60025D7A2 /* Release */,
			);
			defaultConfigurationIsVisible = 0;
			defaultConfigurationName = Release;
		};
/* End XCConfigurationList section */

/* Begin XCVersionGroup section */
		89BC5845223C33A50025D7A2 /* Qaid_Baloot.xcdatamodeld */ = {
			isa = XCVersionGroup;
			children = (
				89BC5846223C33A50025D7A2 /* Qaid_Baloot.xcdatamodel */,
			);
			currentVersion = 89BC5846223C33A50025D7A2 /* Qaid_Baloot.xcdatamodel */;
			path = Qaid_Baloot.xcdatamodeld;
			sourceTree = "<group>";
			versionGroupType = wrapper.xcdatamodel;
		};
/* End XCVersionGroup section */
	};
	rootObject = 89BC5833223C33A50025D7A2 /* Project object */;
}
